<?xml version="1.0" encoding="utf-8"?>
<Project ToolsVersion="4.0" xmlns="http://schemas.microsoft.com/developer/msbuild/2003">
  <ItemGroup>
    <Filter Include="Source Files">
      <UniqueIdentifier>{4FC737F1-C7A5-4376-A066-2A32D752A2FF}</UniqueIdentifier>
      <Extensions>cpp;c;cc;cxx;c++;cppm;ixx;def;odl;idl;hpj;bat;asm;asmx</Extensions>
    </Filter>
    <Filter Include="Header Files">
      <UniqueIdentifier>{93995380-89BD-4b04-88EB-625FBE52EBFB}</UniqueIdentifier>
      <Extensions>h;hh;hpp;hxx;h++;hm;inl;inc;ipp;xsd</Extensions>
    </Filter>
    <Filter Include="Resource Files">
      <UniqueIdentifier>{67DA6AB6-F800-4c08-8B7A-83BB121AAD01}</UniqueIdentifier>
      <Extensions>rc;ico;cur;bmp;dlg;rc2;rct;bin;rgs;gif;jpg;jpeg;jpe;resx;tiff;tif;png;wav;mfcribbon-ms</Extensions>
    </Filter>
    <Filter Include="src">
      <UniqueIdentifier>{f4d9ed43-d3e3-423c-ae41-c7c2efdee58a}</UniqueIdentifier>
    </Filter>
    <Filter Include="include">
      <UniqueIdentifier>{262ff449-ed7f-49c3-bfd4-ff1a71073988}</UniqueIdentifier>
    </Filter>
    <Filter Include="assets">
      <UniqueIdentifier>{a7f7af61-edd3-4d5b-b65f-d02ac66cee6e}</UniqueIdentifier>
    </Filter>
    <Filter Include="assets\images">
      <UniqueIdentifier>{7d0fbd50-832b-43b9-9883-11600e4dfaa9}</UniqueIdentifier>
    </Filter>
    <Filter Include="assets\fonts">
      <UniqueIdentifier>{1a809a67-c32c-4421-a388-b37f96798efc}</UniqueIdentifier>
    </Filter>
    <Filter Include="assets\sounds">
      <UniqueIdentifier>{41ec8c02-2289-4dbf-861d-3757da21c741}</UniqueIdentifier>
    </Filter>
  </ItemGroup>
  <ItemGroup>
    <Media Include="..\GamingHub\assets\audios\beep.wav">
      <Filter>assets\sounds</Filter>
    </Media>
    <Media Include="..\GamingHub\assets\audios\brickbreak.wav">
      <Filter>assets\sounds</Filter>
    </Media>
    <Media Include="..\GamingHub\assets\audios\brickdeath.wav">
      <Filter>assets\sounds</Filter>
    </Media>
    <Media Include="..\GamingHub\assets\audios\Fah.mp3">
      <Filter>assets\sounds</Filter>
    </Media>
    <Media Include="..\GamingHub\assets\audios\level_completed.wav">
      <Filter>assets\sounds</Filter>
    </Media>
    <Media Include="..\GamingHub\assets\audios\Menu_loop.mp3">
      <Filter>assets\sounds</Filter>
    </Media>
    <Media Include="..\GamingHub\assets\audios\menumusic.mp3">
      <Filter>assets\sounds</Filter>
    </Media>
    <Media Include="..\GamingHub\assets\audios\Meow.mp3">
      <Filter>assets\sounds</Filter>
    </Media>
    <Media Include="..\GamingHub\assets\audios\paddlehit.mp3">
      <Filter>assets\sounds</Filter>
    </Media>
    <Media Include="..\GamingHub\assets\audios\pongdeath.mp3">
      <Filter>assets\sounds</Filter>
    </Media>
    <Media Include="..\GamingHub\assets\audios\specialfood.mp3">
      <Filter>assets\sounds</Filter>
    </Media>
  </ItemGroup>
  <ItemGroup>
    <Font Include="..\GamingHub\assets\fonts\arial.TTF">
      <Filter>assets\fonts</Filter>
    </Font>
    <Font Include="..\GamingHub\assets\fonts\Baloo.ttf">
      <Filter>assets\fonts</Filter>
    </Font>
    <Font Include="..\GamingHub\assets\fonts\CherryBomb.ttf">
      <Filter>assets\fonts</Filter>
    </Font>
    <Font Include="..\GamingHub\assets\fonts\Fredoka.ttf">
      <Filter>assets\fonts</Filter>
    </Font>
    <Font Include="..\GamingHub\assets\fonts\Roboto-Regular.ttf">
      <Filter>assets\fonts</Filter>
    </Font>
    <Font Include="..\GamingHub\assets\fonts\times.ttf">
      <Filter>assets\fonts</Filter>
    </Font>
  </ItemGroup>
  <ItemGroup>
    <Image Include="..\GamingHub\assets\images\background.jpeg">
      <Filter>assets\images</Filter>
    </Image>
    <Image Include="..\GamingHub\assets\images\ball.png">
      <Filter>assets\images</Filter>
    </Image>
    <Image Include="..\GamingHub\assets\images\body_bottomleft.png">
      <Filter>assets\images</Filter>
    </Image>
    <Image Include="..\GamingHub\assets\images\body_bottomright.png">
      <Filter>assets\images</Filter>
    </Image>
    <Image Include="..\GamingHub\assets\images\body_horizontal.png">
      <Filter>assets\images</Filter>
    </Image>
    <Image Include="..\GamingHub\assets\images\body_topleft.png">
      <Filter>assets\images</Filter>
    </Image>
    <Image Include="..\GamingHub\assets\images\body_topright.png">
      <Filter>assets\images</Filter>
    </Image>
    <Image Include="..\GamingHub\assets\images\body_vertical.png">
      <Filter>assets\images</Filter>
    </Image>
    <Image Include="..\GamingHub\assets\images\bowl.png">
      <Filter>assets\images</Filter>
    </Image>
    <Image Include="..\GamingHub\assets\images\food_bow.png">
      <Filter>assets\images</Filter>
    </Image>
    <Image Include="..\GamingHub\assets\images\food_heart.png">
      <Filter>assets\images</Filter>
    </Image>
    <Image Include="..\GamingHub\assets\images\food_star.png">
      <Filter>assets\images</Filter>
    </Image>
    <Image Include="..\GamingHub\assets\images\head_down.png">
      <Filter>assets\images</Filter>
    </Image>
    <Image Include="..\GamingHub\assets\images\head_left.png">
      <Filter>assets\images</Filter>
    </Image>
    <Image Include="..\GamingHub\assets\images\head_right.png">
      <Filter>assets\images</Filter>
    </Image>
    <Image Include="..\GamingHub\assets\images\head_up.png">
      <Filter>assets\images</Filter>
    </Image>
    <Image Include="..\GamingHub\assets\images\heart2.png">
      <Filter>assets\images</Filter>
    </Image>
    <Image Include="..\GamingHub\assets\images\sound_off.png">
      <Filter>assets\images</Filter>
    </Image>
    <Image Include="..\GamingHub\assets\images\sound_on.png">
      <Filter>assets\images</Filter>
    </Image>
    <Image Include="..\GamingHub\assets\images\tail_down.png">
      <Filter>assets\images</Filter>
    </Image>
    <Image Include="..\GamingHub\assets\images\tail_left.png">
      <Filter>assets\images</Filter>
    </Image>
    <Image Include="..\GamingHub\assets\images\tail_right.png">
      <Filter>assets\images</Filter>
    </Image>
    <Image Include="..\GamingHub\assets\images\tail_up.png">
      <Filter>assets\images</Filter>
    </Image>
  </ItemGroup>
  <ItemGroup>
    <ClCompile Include="src\attempt1.cpp">
      <Filter>src</Filter>
    </ClCompile>
    <ClCompile Include="src\BrickBreaker.cpp">
      <Filter>src</Filter>
    </ClCompile>
    <ClCompile Include="src\LeaderBoard.cpp">
      <Filter>src</Filter>
    </ClCompile>
    <ClCompile Include="src\Menu.cpp">
      <Filter>src</Filter>
    </ClCompile>
    <ClCompile Include="src\Pong.cpp">
      <Filter>src</Filter>
    </ClCompile>
    <ClCompile Include="src\Snake.cpp">
      <Filter>src</Filter>
    </ClCompile>
  </ItemGroup>
  <ItemGroup>
    <None Include="assets\sounds\bounce.flac">
      <Filter>assets\sounds</Filter>
    </None>
  </ItemGroup>
  <ItemGroup>
    <ClInclude Include="include\BrickBreaker.h">
      <Filter>include</Filter>
    </ClInclude>
    <ClInclude Include="include\LeaderBoard.h">
      <Filter>include</Filter>
    </ClInclude>
    <ClInclude Include="include\Menu.h">
      <Filter>include</Filter>
    </ClInclude>
    <ClInclude Include="include\Pong.h">
      <Filter>include</Filter>
    </ClInclude>
    <ClInclude Include="include\Snake.h">
      <Filter>include</Filter>
    </ClInclude>
  </ItemGroup>
</Project>